
Microsoft Visual Studio Solution File, Format Version 12.00
# Visual Studio Version 17
VisualStudioVersion = 17.5.002.0
MinimumVisualStudioVersion = 10.0.40219.1
Project("{9A19103F-16F7-4668-BE54-9A1E7A4F7556}") = "NguyenThiKhanhLy424", "NguyenThiKhanhLy424\NguyenThiKhanhLy424.csproj", "{4BC2ACD8-9E07-4A99-B2E5-1EEC9A4821ED}"
EndProject
Global
	GlobalSection(SolutionConfigurationPlatforms) = preSolution
		Debug|Any CPU = Debug|Any CPU
		Release|Any CPU = Release|Any CPU
	EndGlobalSection
	GlobalSection(ProjectConfigurationPlatforms) = postSolution
		{4BC2ACD8-9E07-4A99-B2E5-1EEC9A4821ED}.Debug|Any CPU.ActiveCfg = Debug|Any CPU
		{4BC2ACD8-9E07-4A99-B2E5-1EEC9A4821ED}.Debug|Any CPU.Build.0 = Debug|Any CPU
		{4BC2ACD8-9E07-4A99-B2E5-1EEC9A4821ED}.Release|Any CPU.ActiveCfg = Release|Any CPU
		{4BC2ACD8-9E07-4A99-B2E5-1EEC9A4821ED}.Release|Any CPU.Build.0 = Release|Any CPU
	EndGlobalSection
	GlobalSection(SolutionProperties) = preSolution
		HideSolutionNode = FALSE
	EndGlobalSection
	GlobalSection(ExtensibilityGlobals) = postSolution
		SolutionGuid = {87053757-5E1D-4CCB-BFD6-8E0CC3F953E5}
	EndGlobalSection
EndGlobal
